
Microsoft Visual Studio Solution File, Format Version 12.00
# Visual Studio Version 17
VisualStudioVersion = 17.8.34322.80
MinimumVisualStudioVersion = 10.0.40219.1
Project("{FAE04EC0-301F-11D3-BF4B-00C04F79EFBC}") = "1", "1\1.csproj", "{CD17BFDE-D0DE-4C21-AFCC-0C8FA6CAA1C3}"
EndProject
Global
	GlobalSection(SolutionConfigurationPlatforms) = preSolution
		Debug|Any CPU = Debug|Any CPU
		Release|Any CPU = Release|Any CPU
	EndGlobalSection
	GlobalSection(ProjectConfigurationPlatforms) = postSolution
		{CD17BFDE-D0DE-4C21-AFCC-0C8FA6CAA1C3}.Debug|Any CPU.ActiveCfg = Debug|Any CPU
		{CD17BFDE-D0DE-4C21-AFCC-0C8FA6CAA1C3}.Debug|Any CPU.Build.0 = Debug|Any CPU
		{CD17BFDE-D0DE-4C21-AFCC-0C8FA6CAA1C3}.Release|Any CPU.ActiveCfg = Release|Any CPU
		{CD17BFDE-D0DE-4C21-AFCC-0C8FA6CAA1C3}.Release|Any CPU.Build.0 = Release|Any CPU
	EndGlobalSection
	GlobalSection(SolutionProperties) = preSolution
		HideSolutionNode = FALSE
	EndGlobalSection
	GlobalSection(ExtensibilityGlobals) = postSolution
		SolutionGuid = {3899F19D-B6B9-42CD-A708-C53358D6CAAA}
	EndGlobalSection
EndGlobal
