
Microsoft Visual Studio Solution File, Format Version 12.00
# Visual Studio Version 17
VisualStudioVersion = 17.8.34322.80
MinimumVisualStudioVersion = 10.0.40219.1
Project("{9A19103F-16F7-4668-BE54-9A1E7A4F7556}") = "1", "1\1.csproj", "{BA9AEB83-3C85-481B-910F-F574881281FB}"
EndProject
Project("{FAE04EC0-301F-11D3-BF4B-00C04F79EFBC}") = "test", "test\test.csproj", "{C6B43A0E-C533-4F3D-A1FD-945C373ACB93}"
EndProject
Global
	GlobalSection(SolutionConfigurationPlatforms) = preSolution
		Debug|Any CPU = Debug|Any CPU
		Release|Any CPU = Release|Any CPU
	EndGlobalSection
	GlobalSection(ProjectConfigurationPlatforms) = postSolution
		{BA9AEB83-3C85-481B-910F-F574881281FB}.Debug|Any CPU.ActiveCfg = Debug|Any CPU
		{BA9AEB83-3C85-481B-910F-F574881281FB}.Debug|Any CPU.Build.0 = Debug|Any CPU
		{BA9AEB83-3C85-481B-910F-F574881281FB}.Release|Any CPU.ActiveCfg = Release|Any CPU
		{BA9AEB83-3C85-481B-910F-F574881281FB}.Release|Any CPU.Build.0 = Release|Any CPU
		{C6B43A0E-C533-4F3D-A1FD-945C373ACB93}.Debug|Any CPU.ActiveCfg = Debug|Any CPU
		{C6B43A0E-C533-4F3D-A1FD-945C373ACB93}.Debug|Any CPU.Build.0 = Debug|Any CPU
		{C6B43A0E-C533-4F3D-A1FD-945C373ACB93}.Release|Any CPU.ActiveCfg = Release|Any CPU
		{C6B43A0E-C533-4F3D-A1FD-945C373ACB93}.Release|Any CPU.Build.0 = Release|Any CPU
	EndGlobalSection
	GlobalSection(SolutionProperties) = preSolution
		HideSolutionNode = FALSE
	EndGlobalSection
	GlobalSection(ExtensibilityGlobals) = postSolution
		SolutionGuid = {39A15F51-F0FD-4DC8-A0E8-A8C306D83407}
	EndGlobalSection
EndGlobal
