
Microsoft Visual Studio Solution File, Format Version 12.00
# Visual Studio Version 17
VisualStudioVersion = 17.8.34322.80
MinimumVisualStudioVersion = 10.0.40219.1
Project("{FAE04EC0-301F-11D3-BF4B-00C04F79EFBC}") = "1", "1\1.csproj", "{5E133B1F-BAB4-418E-86F2-CC20720CED0F}"
EndProject
Global
	GlobalSection(SolutionConfigurationPlatforms) = preSolution
		Debug|Any CPU = Debug|Any CPU
		Release|Any CPU = Release|Any CPU
	EndGlobalSection
	GlobalSection(ProjectConfigurationPlatforms) = postSolution
		{5E133B1F-BAB4-418E-86F2-CC20720CED0F}.Debug|Any CPU.ActiveCfg = Debug|Any CPU
		{5E133B1F-BAB4-418E-86F2-CC20720CED0F}.Debug|Any CPU.Build.0 = Debug|Any CPU
		{5E133B1F-BAB4-418E-86F2-CC20720CED0F}.Release|Any CPU.ActiveCfg = Release|Any CPU
		{5E133B1F-BAB4-418E-86F2-CC20720CED0F}.Release|Any CPU.Build.0 = Release|Any CPU
	EndGlobalSection
	GlobalSection(SolutionProperties) = preSolution
		HideSolutionNode = FALSE
	EndGlobalSection
	GlobalSection(ExtensibilityGlobals) = postSolution
		SolutionGuid = {DA54DEB8-486F-4DD9-845E-689F0341BC52}
	EndGlobalSection
EndGlobal
